
Microsoft Visual Studio Solution File, Format Version 12.00
# Visual Studio Version 16
VisualStudioVersion = 16.0.31410.357
MinimumVisualStudioVersion = 10.0.40219.1
Project("{FAE04EC0-301F-11D3-BF4B-00C04F79EFBC}") = "CovidDados", "CovidDados.csproj", "{36ED8FBD-65FB-4382-923D-6D37F1DAAF94}"
EndProject
Global
	GlobalSection(SolutionConfigurationPlatforms) = preSolution
		Debug|Any CPU = Debug|Any CPU
		Release|Any CPU = Release|Any CPU
	EndGlobalSection
	GlobalSection(ProjectConfigurationPlatforms) = postSolution
		{36ED8FBD-65FB-4382-923D-6D37F1DAAF94}.Debug|Any CPU.ActiveCfg = Debug|Any CPU
		{36ED8FBD-65FB-4382-923D-6D37F1DAAF94}.Debug|Any CPU.Build.0 = Debug|Any CPU
		{36ED8FBD-65FB-4382-923D-6D37F1DAAF94}.Release|Any CPU.ActiveCfg = Release|Any CPU
		{36ED8FBD-65FB-4382-923D-6D37F1DAAF94}.Release|Any CPU.Build.0 = Release|Any CPU
	EndGlobalSection
	GlobalSection(SolutionProperties) = preSolution
		HideSolutionNode = FALSE
	EndGlobalSection
	GlobalSection(ExtensibilityGlobals) = postSolution
		SolutionGuid = {DAC96082-93FC-4EA9-B4E2-3B71E9949C84}
	EndGlobalSection
EndGlobal
